
Microsoft Visual Studio Solution File, Format Version 12.00
# Visual Studio Version 17
VisualStudioVersion = 17.11.35327.3
MinimumVisualStudioVersion = 10.0.40219.1
Project("{FAE04EC0-301F-11D3-BF4B-00C04F79EFBC}") = "ProductApi.Application", "ProductApi.Application\ProductApi.Application.csproj", "{56158293-8B1C-4B6D-9036-536CC28C5C2D}"
EndProject
Project("{FAE04EC0-301F-11D3-BF4B-00C04F79EFBC}") = "ProductApi.Domain", "ProductApi.Domain\ProductApi.Domain.csproj", "{FE9F8985-577B-4C97-B155-9B1AE7FC7711}"
EndProject
Project("{FAE04EC0-301F-11D3-BF4B-00C04F79EFBC}") = "ProductApi.Infrastructure", "ProductApi.Infrastructure\ProductApi.Infrastructure.csproj", "{9BF70421-D89C-418B-8681-8050D4035539}"
EndProject
Project("{FAE04EC0-301F-11D3-BF4B-00C04F79EFBC}") = "ProductApi.Presentation", "ProductApi.Presentation\ProductApi.Presentation.csproj", "{D283A308-0832-44E6-9F0B-151E4D692367}"
EndProject
Project("{9A19103F-16F7-4668-BE54-9A1E7A4F7556}") = "eCommerce.SharedLibrary", "..\eCommerce\eCommerce.SharedLibrary\eCommerce.SharedLibrary.csproj", "{2F26C583-B23A-47C4-9234-08A3CE191D77}"
EndProject
Global
	GlobalSection(SolutionConfigurationPlatforms) = preSolution
		Debug|Any CPU = Debug|Any CPU
		Release|Any CPU = Release|Any CPU
	EndGlobalSection
	GlobalSection(ProjectConfigurationPlatforms) = postSolution
		{56158293-8B1C-4B6D-9036-536CC28C5C2D}.Debug|Any CPU.ActiveCfg = Debug|Any CPU
		{56158293-8B1C-4B6D-9036-536CC28C5C2D}.Debug|Any CPU.Build.0 = Debug|Any CPU
		{56158293-8B1C-4B6D-9036-536CC28C5C2D}.Release|Any CPU.ActiveCfg = Release|Any CPU
		{56158293-8B1C-4B6D-9036-536CC28C5C2D}.Release|Any CPU.Build.0 = Release|Any CPU
		{FE9F8985-577B-4C97-B155-9B1AE7FC7711}.Debug|Any CPU.ActiveCfg = Debug|Any CPU
		{FE9F8985-577B-4C97-B155-9B1AE7FC7711}.Debug|Any CPU.Build.0 = Debug|Any CPU
		{FE9F8985-577B-4C97-B155-9B1AE7FC7711}.Release|Any CPU.ActiveCfg = Release|Any CPU
		{FE9F8985-577B-4C97-B155-9B1AE7FC7711}.Release|Any CPU.Build.0 = Release|Any CPU
		{9BF70421-D89C-418B-8681-8050D4035539}.Debug|Any CPU.ActiveCfg = Debug|Any CPU
		{9BF70421-D89C-418B-8681-8050D4035539}.Debug|Any CPU.Build.0 = Debug|Any CPU
		{9BF70421-D89C-418B-8681-8050D4035539}.Release|Any CPU.ActiveCfg = Release|Any CPU
		{9BF70421-D89C-418B-8681-8050D4035539}.Release|Any CPU.Build.0 = Release|Any CPU
		{D283A308-0832-44E6-9F0B-151E4D692367}.Debug|Any CPU.ActiveCfg = Debug|Any CPU
		{D283A308-0832-44E6-9F0B-151E4D692367}.Debug|Any CPU.Build.0 = Debug|Any CPU
		{D283A308-0832-44E6-9F0B-151E4D692367}.Release|Any CPU.ActiveCfg = Release|Any CPU
		{D283A308-0832-44E6-9F0B-151E4D692367}.Release|Any CPU.Build.0 = Release|Any CPU
		{2F26C583-B23A-47C4-9234-08A3CE191D77}.Debug|Any CPU.ActiveCfg = Debug|Any CPU
		{2F26C583-B23A-47C4-9234-08A3CE191D77}.Debug|Any CPU.Build.0 = Debug|Any CPU
		{2F26C583-B23A-47C4-9234-08A3CE191D77}.Release|Any CPU.ActiveCfg = Release|Any CPU
		{2F26C583-B23A-47C4-9234-08A3CE191D77}.Release|Any CPU.Build.0 = Release|Any CPU
	EndGlobalSection
	GlobalSection(SolutionProperties) = preSolution
		HideSolutionNode = FALSE
	EndGlobalSection
	GlobalSection(ExtensibilityGlobals) = postSolution
		SolutionGuid = {E14B6673-892E-4D57-8DB5-133E7FD83514}
	EndGlobalSection
EndGlobal
