
Microsoft Visual Studio Solution File, Format Version 12.00
# Visual Studio Version 17
VisualStudioVersion = 17.11.35327.3
MinimumVisualStudioVersion = 10.0.40219.1
Project("{9A19103F-16F7-4668-BE54-9A1E7A4F7556}") = "eCommerce.SharedLibrary", "eCommerce.SharedLibrary\eCommerce.SharedLibrary.csproj", "{DA874D52-B9BC-4DB5-911B-C03137E4027D}"
EndProject
Global
	GlobalSection(SolutionConfigurationPlatforms) = preSolution
		Debug|Any CPU = Debug|Any CPU
		Release|Any CPU = Release|Any CPU
	EndGlobalSection
	GlobalSection(ProjectConfigurationPlatforms) = postSolution
		{DA874D52-B9BC-4DB5-911B-C03137E4027D}.Debug|Any CPU.ActiveCfg = Debug|Any CPU
		{DA874D52-B9BC-4DB5-911B-C03137E4027D}.Debug|Any CPU.Build.0 = Debug|Any CPU
		{DA874D52-B9BC-4DB5-911B-C03137E4027D}.Release|Any CPU.ActiveCfg = Release|Any CPU
		{DA874D52-B9BC-4DB5-911B-C03137E4027D}.Release|Any CPU.Build.0 = Release|Any CPU
	EndGlobalSection
	GlobalSection(SolutionProperties) = preSolution
		HideSolutionNode = FALSE
	EndGlobalSection
	GlobalSection(ExtensibilityGlobals) = postSolution
		SolutionGuid = {C5BF31A5-B8C4-4933-AD83-728C22AB1EF8}
	EndGlobalSection
EndGlobal
