
Microsoft Visual Studio Solution File, Format Version 12.00
# Visual Studio Version 17
VisualStudioVersion = 17.11.35327.3
MinimumVisualStudioVersion = 10.0.40219.1
Project("{FAE04EC0-301F-11D3-BF4B-00C04F79EFBC}") = "OrderApi.Domain", "OrderApi.Domain\OrderApi.Domain.csproj", "{18F0BDC4-AAE5-431A-B4F9-96299735EAAD}"
EndProject
Project("{FAE04EC0-301F-11D3-BF4B-00C04F79EFBC}") = "OrderApi.Application", "OrderApi.Application\OrderApi.Application.csproj", "{0ED10705-31B4-4DCF-8407-7ECE9F8894AF}"
EndProject
Project("{FAE04EC0-301F-11D3-BF4B-00C04F79EFBC}") = "OrderApi.Infrastructure", "OrderApi.Infrastructure\OrderApi.Infrastructure.csproj", "{85C5D99D-E4E2-46A7-AFE7-E7C5266482AE}"
EndProject
Project("{9A19103F-16F7-4668-BE54-9A1E7A4F7556}") = "eCommerce.SharedLibrary", "..\..\..\Documents\GitHub\eCommerceSolution\eCommerce\eCommerce.SharedLibrary\eCommerce.SharedLibrary.csproj", "{6D43D713-C503-4814-A05E-1B8AAF13201B}"
EndProject
Project("{FAE04EC0-301F-11D3-BF4B-00C04F79EFBC}") = "OrderApi.Presentation", "OrderApi.Presentation\OrderApi.Presentation.csproj", "{8D7C566E-AAC2-42F9-8FE7-2404B64B6BCE}"
EndProject
Global
	GlobalSection(SolutionConfigurationPlatforms) = preSolution
		Debug|Any CPU = Debug|Any CPU
		Release|Any CPU = Release|Any CPU
	EndGlobalSection
	GlobalSection(ProjectConfigurationPlatforms) = postSolution
		{18F0BDC4-AAE5-431A-B4F9-96299735EAAD}.Debug|Any CPU.ActiveCfg = Debug|Any CPU
		{18F0BDC4-AAE5-431A-B4F9-96299735EAAD}.Debug|Any CPU.Build.0 = Debug|Any CPU
		{18F0BDC4-AAE5-431A-B4F9-96299735EAAD}.Release|Any CPU.ActiveCfg = Release|Any CPU
		{18F0BDC4-AAE5-431A-B4F9-96299735EAAD}.Release|Any CPU.Build.0 = Release|Any CPU
		{0ED10705-31B4-4DCF-8407-7ECE9F8894AF}.Debug|Any CPU.ActiveCfg = Debug|Any CPU
		{0ED10705-31B4-4DCF-8407-7ECE9F8894AF}.Debug|Any CPU.Build.0 = Debug|Any CPU
		{0ED10705-31B4-4DCF-8407-7ECE9F8894AF}.Release|Any CPU.ActiveCfg = Release|Any CPU
		{0ED10705-31B4-4DCF-8407-7ECE9F8894AF}.Release|Any CPU.Build.0 = Release|Any CPU
		{85C5D99D-E4E2-46A7-AFE7-E7C5266482AE}.Debug|Any CPU.ActiveCfg = Debug|Any CPU
		{85C5D99D-E4E2-46A7-AFE7-E7C5266482AE}.Debug|Any CPU.Build.0 = Debug|Any CPU
		{85C5D99D-E4E2-46A7-AFE7-E7C5266482AE}.Release|Any CPU.ActiveCfg = Release|Any CPU
		{85C5D99D-E4E2-46A7-AFE7-E7C5266482AE}.Release|Any CPU.Build.0 = Release|Any CPU
		{6D43D713-C503-4814-A05E-1B8AAF13201B}.Debug|Any CPU.ActiveCfg = Debug|Any CPU
		{6D43D713-C503-4814-A05E-1B8AAF13201B}.Debug|Any CPU.Build.0 = Debug|Any CPU
		{6D43D713-C503-4814-A05E-1B8AAF13201B}.Release|Any CPU.ActiveCfg = Release|Any CPU
		{6D43D713-C503-4814-A05E-1B8AAF13201B}.Release|Any CPU.Build.0 = Release|Any CPU
		{8D7C566E-AAC2-42F9-8FE7-2404B64B6BCE}.Debug|Any CPU.ActiveCfg = Debug|Any CPU
		{8D7C566E-AAC2-42F9-8FE7-2404B64B6BCE}.Debug|Any CPU.Build.0 = Debug|Any CPU
		{8D7C566E-AAC2-42F9-8FE7-2404B64B6BCE}.Release|Any CPU.ActiveCfg = Release|Any CPU
		{8D7C566E-AAC2-42F9-8FE7-2404B64B6BCE}.Release|Any CPU.Build.0 = Release|Any CPU
	EndGlobalSection
	GlobalSection(SolutionProperties) = preSolution
		HideSolutionNode = FALSE
	EndGlobalSection
	GlobalSection(ExtensibilityGlobals) = postSolution
		SolutionGuid = {2746BA98-ED8D-442C-B046-295CA5216D05}
	EndGlobalSection
EndGlobal
